// !$*UTF8*$!
{
	archiveVersion = 1;
	classes = {
	};
	objectVersion = 46;
	objects = {

/* Begin PBXBuildFile section */
		63790F2248D023EB672DA151 /* libPods.a in Frameworks */ = {isa = PBXBuildFile; fileRef = B41731D67A3C03BDCCC68EC3 /* libPods.a */; };
		9D3CC3221D61A7E100229F60 /* main.m in Sources */ = {isa = PBXBuildFile; fileRef = 9D3CC3211D61A7E100229F60 /* main.m */; };
		9D3CC3251D61A7E100229F60 /* AppDelegate.m in Sources */ = {isa = PBXBuildFile; fileRef = 9D3CC3241D61A7E100229F60 /* AppDelegate.m */; };
		9D3CC3281D61A7E100229F60 /* ViewController.m in Sources */ = {isa = PBXBuildFile; fileRef = 9D3CC3271D61A7E100229F60 /* ViewController.m */; };
		9D3CC32B1D61A7E100229F60 /* Main.storyboard in Resources */ = {isa = PBXBuildFile; fileRef = 9D3CC3291D61A7E100229F60 /* Main.storyboard */; };
		9D3CC32D1D61A7E100229F60 /* Assets.xcassets in Resources */ = {isa = PBXBuildFile; fileRef = 9D3CC32C1D61A7E100229F60 /* Assets.xcassets */; };
		9D3CC3301D61A7E100229F60 /* LaunchScreen.storyboard in Resources */ = {isa = PBXBuildFile; fileRef = 9D3CC32E1D61A7E100229F60 /* LaunchScreen.storyboard */; };
		9D3CC33B1D61A7E100229F60 /* BYLimitlessBannerTests.m in Sources */ = {isa = PBXBuildFile; fileRef = 9D3CC33A1D61A7E100229F60 /* BYLimitlessBannerTests.m */; };
		9D3CC3461D61A7E100229F60 /* BYLimitlessBannerUITests.m in Sources */ = {isa = PBXBuildFile; fileRef = 9D3CC3451D61A7E100229F60 /* BYLimitlessBannerUITests.m */; };
		9D3CC3561D61A7EC00229F60 /* UIView+Extension.m in Sources */ = {isa = PBXBuildFile; fileRef = 9D3CC3551D61A7EC00229F60 /* UIView+Extension.m */; };
		9D3CC35D1D61A82600229F60 /* BYLimitlessBanner.m in Sources */ = {isa = PBXBuildFile; fileRef = 9D3CC35C1D61A82600229F60 /* BYLimitlessBanner.m */; };
		9D3CC3601D61ACCD00229F60 /* BYBannerButton.m in Sources */ = {isa = PBXBuildFile; fileRef = 9D3CC35F1D61ACCD00229F60 /* BYBannerButton.m */; };
		9D3CC3621D61B1FB00229F60 /* default_img@2x.png in Resources */ = {isa = PBXBuildFile; fileRef = 9D3CC3611D61B1FB00229F60 /* default_img@2x.png */; };
/* End PBXBuildFile section */

/* Begin PBXContainerItemProxy section */
		9D3CC3371D61A7E100229F60 /* PBXContainerItemProxy */ = {
			isa = PBXContainerItemProxy;
			containerPortal = 9D3CC3151D61A7E100229F60 /* Project object */;
			proxyType = 1;
			remoteGlobalIDString = 9D3CC31C1D61A7E100229F60;
			remoteInfo = BYLimitlessBanner;
		};
		9D3CC3421D61A7E100229F60 /* PBXContainerItemProxy */ = {
			isa = PBXContainerItemProxy;
			containerPortal = 9D3CC3151D61A7E100229F60 /* Project object */;
			proxyType = 1;
			remoteGlobalIDString = 9D3CC31C1D61A7E100229F60;
			remoteInfo = BYLimitlessBanner;
		};
/* End PBXContainerItemProxy section */

/* Begin PBXFileReference section */
		90E185A6CABAA4665B685142 /* Pods.release.xcconfig */ = {isa = PBXFileReference; includeInIndex = 1; lastKnownFileType = text.xcconfig; name = Pods.release.xcconfig; path = "Pods/Target Support Files/Pods/Pods.release.xcconfig"; sourceTree = "<group>"; };
		9D3CC31D1D61A7E100229F60 /* BYLimitlessBanner.app */ = {isa = PBXFileReference; explicitFileType = wrapper.application; includeInIndex = 0; path = BYLimitlessBanner.app; sourceTree = BUILT_PRODUCTS_DIR; };
		9D3CC3211D61A7E100229F60 /* main.m */ = {isa = PBXFileReference; lastKnownFileType = sourcecode.c.objc; path = main.m; sourceTree = "<group>"; };
		9D3CC3231D61A7E100229F60 /* AppDelegate.h */ = {isa = PBXFileReference; lastKnownFileType = sourcecode.c.h; path = AppDelegate.h; sourceTree = "<group>"; };
		9D3CC3241D61A7E100229F60 /* AppDelegate.m */ = {isa = PBXFileReference; lastKnownFileType = sourcecode.c.objc; path = AppDelegate.m; sourceTree = "<group>"; };
		9D3CC3261D61A7E100229F60 /* ViewController.h */ = {isa = PBXFileReference; lastKnownFileType = sourcecode.c.h; path = ViewController.h; sourceTree = "<group>"; };
		9D3CC3271D61A7E100229F60 /* ViewController.m */ = {isa = PBXFileReference; lastKnownFileType = sourcecode.c.objc; path = ViewController.m; sourceTree = "<group>"; };
		9D3CC32A1D61A7E100229F60 /* Base */ = {isa = PBXFileReference; lastKnownFileType = file.storyboard; name = Base; path = Base.lproj/Main.storyboard; sourceTree = "<group>"; };
		9D3CC32C1D61A7E100229F60 /* Assets.xcassets */ = {isa = PBXFileReference; lastKnownFileType = folder.assetcatalog; path = Assets.xcassets; sourceTree = "<group>"; };
		9D3CC32F1D61A7E100229F60 /* Base */ = {isa = PBXFileReference; lastKnownFileType = file.storyboard; name = Base; path = Base.lproj/LaunchScreen.storyboard; sourceTree = "<group>"; };
		9D3CC3311D61A7E100229F60 /* Info.plist */ = {isa = PBXFileReference; lastKnownFileType = text.plist.xml; path = Info.plist; sourceTree = "<group>"; };
		9D3CC3361D61A7E100229F60 /* BYLimitlessBannerTests.xctest */ = {isa = PBXFileReference; explicitFileType = wrapper.cfbundle; includeInIndex = 0; path = BYLimitlessBannerTests.xctest; sourceTree = BUILT_PRODUCTS_DIR; };
		9D3CC33A1D61A7E100229F60 /* BYLimitlessBannerTests.m */ = {isa = PBXFileReference; lastKnownFileType = sourcecode.c.objc; path = BYLimitlessBannerTests.m; sourceTree = "<group>"; };
		9D3CC33C1D61A7E100229F60 /* Info.plist */ = {isa = PBXFileReference; lastKnownFileType = text.plist.xml; path = Info.plist; sourceTree = "<group>"; };
		9D3CC3411D61A7E100229F60 /* BYLimitlessBannerUITests.xctest */ = {isa = PBXFileReference; explicitFileType = wrapper.cfbundle; includeInIndex = 0; path = BYLimitlessBannerUITests.xctest; sourceTree = BUILT_PRODUCTS_DIR; };
		9D3CC3451D61A7E100229F60 /* BYLimitlessBannerUITests.m */ = {isa = PBXFileReference; lastKnownFileType = sourcecode.c.objc; path = BYLimitlessBannerUITests.m; sourceTree = "<group>"; };
		9D3CC3471D61A7E100229F60 /* Info.plist */ = {isa = PBXFileReference; lastKnownFileType = text.plist.xml; path = Info.plist; sourceTree = "<group>"; };
		9D3CC3541D61A7EC00229F60 /* UIView+Extension.h */ = {isa = PBXFileReference; fileEncoding = 4; lastKnownFileType = sourcecode.c.h; path = "UIView+Extension.h"; sourceTree = "<group>"; };
		9D3CC3551D61A7EC00229F60 /* UIView+Extension.m */ = {isa = PBXFileReference; fileEncoding = 4; lastKnownFileType = sourcecode.c.objc; path = "UIView+Extension.m"; sourceTree = "<group>"; };
		9D3CC35B1D61A82600229F60 /* BYLimitlessBanner.h */ = {isa = PBXFileReference; fileEncoding = 4; lastKnownFileType = sourcecode.c.h; path = BYLimitlessBanner.h; sourceTree = "<group>"; };
		9D3CC35C1D61A82600229F60 /* BYLimitlessBanner.m */ = {isa = PBXFileReference; fileEncoding = 4; lastKnownFileType = sourcecode.c.objc; path = BYLimitlessBanner.m; sourceTree = "<group>"; };
		9D3CC35E1D61ACCD00229F60 /* BYBannerButton.h */ = {isa = PBXFileReference; fileEncoding = 4; lastKnownFileType = sourcecode.c.h; path = BYBannerButton.h; sourceTree = "<group>"; };
		9D3CC35F1D61ACCD00229F60 /* BYBannerButton.m */ = {isa = PBXFileReference; fileEncoding = 4; lastKnownFileType = sourcecode.c.objc; path = BYBannerButton.m; sourceTree = "<group>"; };
		9D3CC3611D61B1FB00229F60 /* default_img@2x.png */ = {isa = PBXFileReference; lastKnownFileType = image.png; path = "default_img@2x.png"; sourceTree = "<group>"; };
		B41731D67A3C03BDCCC68EC3 /* libPods.a */ = {isa = PBXFileReference; explicitFileType = archive.ar; includeInIndex = 0; path = libPods.a; sourceTree = BUILT_PRODUCTS_DIR; };
		C41759C82DF0291E23A907CA /* Pods.debug.xcconfig */ = {isa = PBXFileReference; includeInIndex = 1; lastKnownFileType = text.xcconfig; name = Pods.debug.xcconfig; path = "Pods/Target Support Files/Pods/Pods.debug.xcconfig"; sourceTree = "<group>"; };
/* End PBXFileReference section */

/* Begin PBXFrameworksBuildPhase section */
		9D3CC31A1D61A7E100229F60 /* Frameworks */ = {
			isa = PBXFrameworksBuildPhase;
			buildActionMask = 2147483647;
			files = (
				63790F2248D023EB672DA151 /* libPods.a in Frameworks */,
			);
			runOnlyForDeploymentPostprocessing = 0;
		};
		9D3CC3331D61A7E100229F60 /* Frameworks */ = {
			isa = PBXFrameworksBuildPhase;
			buildActionMask = 2147483647;
			files = (
			);
			runOnlyForDeploymentPostprocessing = 0;
		};
		9D3CC33E1D61A7E100229F60 /* Frameworks */ = {
			isa = PBXFrameworksBuildPhase;
			buildActionMask = 2147483647;
			files = (
			);
			runOnlyForDeploymentPostprocessing = 0;
		};
/* End PBXFrameworksBuildPhase section */

/* Begin PBXGroup section */
		8ACC07AC5B03C9E2F196633F /* Frameworks */ = {
			isa = PBXGroup;
			children = (
				B41731D67A3C03BDCCC68EC3 /* libPods.a */,
			);
			name = Frameworks;
			sourceTree = "<group>";
		};
		9D3CC3141D61A7E100229F60 = {
			isa = PBXGroup;
			children = (
				9D3CC31F1D61A7E100229F60 /* BYLimitlessBanner */,
				9D3CC3391D61A7E100229F60 /* BYLimitlessBannerTests */,
				9D3CC3441D61A7E100229F60 /* BYLimitlessBannerUITests */,
				9D3CC31E1D61A7E100229F60 /* Products */,
				BD5701CB104E776A9B44CD29 /* Pods */,
				8ACC07AC5B03C9E2F196633F /* Frameworks */,
			);
			sourceTree = "<group>";
		};
		9D3CC31E1D61A7E100229F60 /* Products */ = {
			isa = PBXGroup;
			children = (
				9D3CC31D1D61A7E100229F60 /* BYLimitlessBanner.app */,
				9D3CC3361D61A7E100229F60 /* BYLimitlessBannerTests.xctest */,
				9D3CC3411D61A7E100229F60 /* BYLimitlessBannerUITests.xctest */,
			);
			name = Products;
			sourceTree = "<group>";
		};
		9D3CC31F1D61A7E100229F60 /* BYLimitlessBanner */ = {
			isa = PBXGroup;
			children = (
				9D3CC3611D61B1FB00229F60 /* default_img@2x.png */,
				9D3CC35A1D61A81A00229F60 /* BYLimitlessBanner */,
				9D3CC3531D61A7EC00229F60 /* Category */,
				9D3CC3231D61A7E100229F60 /* AppDelegate.h */,
				9D3CC3241D61A7E100229F60 /* AppDelegate.m */,
				9D3CC3261D61A7E100229F60 /* ViewController.h */,
				9D3CC3271D61A7E100229F60 /* ViewController.m */,
				9D3CC3291D61A7E100229F60 /* Main.storyboard */,
				9D3CC32C1D61A7E100229F60 /* Assets.xcassets */,
				9D3CC32E1D61A7E100229F60 /* LaunchScreen.storyboard */,
				9D3CC3311D61A7E100229F60 /* Info.plist */,
				9D3CC3201D61A7E100229F60 /* Supporting Files */,
			);
			path = BYLimitlessBanner;
			sourceTree = "<group>";
		};
		9D3CC3201D61A7E100229F60 /* Supporting Files */ = {
			isa = PBXGroup;
			children = (
				9D3CC3211D61A7E100229F60 /* main.m */,
			);
			name = "Supporting Files";
			sourceTree = "<group>";
		};
		9D3CC3391D61A7E100229F60 /* BYLimitlessBannerTests */ = {
			isa = PBXGroup;
			children = (
				9D3CC33A1D61A7E100229F60 /* BYLimitlessBannerTests.m */,
				9D3CC33C1D61A7E100229F60 /* Info.plist */,
			);
			path = BYLimitlessBannerTests;
			sourceTree = "<group>";
		};
		9D3CC3441D61A7E100229F60 /* BYLimitlessBannerUITests */ = {
			isa = PBXGroup;
			children = (
				9D3CC3451D61A7E100229F60 /* BYLimitlessBannerUITests.m */,
				9D3CC3471D61A7E100229F60 /* Info.plist */,
			);
			path = BYLimitlessBannerUITests;
			sourceTree = "<group>";
		};
		9D3CC3531D61A7EC00229F60 /* Category */ = {
			isa = PBXGroup;
			children = (
				9D3CC3541D61A7EC00229F60 /* UIView+Extension.h */,
				9D3CC3551D61A7EC00229F60 /* UIView+Extension.m */,
			);
			path = Category;
			sourceTree = "<group>";
		};
		9D3CC35A1D61A81A00229F60 /* BYLimitlessBanner */ = {
			isa = PBXGroup;
			children = (
				9D3CC35B1D61A82600229F60 /* BYLimitlessBanner.h */,
				9D3CC35C1D61A82600229F60 /* BYLimitlessBanner.m */,
				9D3CC35E1D61ACCD00229F60 /* BYBannerButton.h */,
				9D3CC35F1D61ACCD00229F60 /* BYBannerButton.m */,
			);
			path = BYLimitlessBanner;
			sourceTree = "<group>";
		};
		BD5701CB104E776A9B44CD29 /* Pods */ = {
			isa = PBXGroup;
			children = (
				C41759C82DF0291E23A907CA /* Pods.debug.xcconfig */,
				90E185A6CABAA4665B685142 /* Pods.release.xcconfig */,
			);
			name = Pods;
			sourceTree = "<group>";
		};
/* End PBXGroup section */

/* Begin PBXNativeTarget section */
		9D3CC31C1D61A7E100229F60 /* BYLimitlessBanner */ = {
			isa = PBXNativeTarget;
			buildConfigurationList = 9D3CC34A1D61A7E100229F60 /* Build configuration list for PBXNativeTarget "BYLimitlessBanner" */;
			buildPhases = (
				DF4E05B1F83656666BD40D52 /* Check Pods Manifest.lock */,
				9D3CC3191D61A7E100229F60 /* Sources */,
				9D3CC31A1D61A7E100229F60 /* Frameworks */,
				9D3CC31B1D61A7E100229F60 /* Resources */,
				150E54FCAD0E405A93BE5626 /* Embed Pods Frameworks */,
				21ABEF87E5B23B666996885A /* Copy Pods Resources */,
			);
			buildRules = (
			);
			dependencies = (
			);
			name = BYLimitlessBanner;
			productName = BYLimitlessBanner;
			productReference = 9D3CC31D1D61A7E100229F60 /* BYLimitlessBanner.app */;
			productType = "com.apple.product-type.application";
		};
		9D3CC3351D61A7E100229F60 /* BYLimitlessBannerTests */ = {
			isa = PBXNativeTarget;
			buildConfigurationList = 9D3CC34D1D61A7E100229F60 /* Build configuration list for PBXNativeTarget "BYLimitlessBannerTests" */;
			buildPhases = (
				9D3CC3321D61A7E100229F60 /* Sources */,
				9D3CC3331D61A7E100229F60 /* Frameworks */,
				9D3CC3341D61A7E100229F60 /* Resources */,
			);
			buildRules = (
			);
			dependencies = (
				9D3CC3381D61A7E100229F60 /* PBXTargetDependency */,
			);
			name = BYLimitlessBannerTests;
			productName = BYLimitlessBannerTests;
			productReference = 9D3CC3361D61A7E100229F60 /* BYLimitlessBannerTests.xctest */;
			productType = "com.apple.product-type.bundle.unit-test";
		};
		9D3CC3401D61A7E100229F60 /* BYLimitlessBannerUITests */ = {
			isa = PBXNativeTarget;
			buildConfigurationList = 9D3CC3501D61A7E100229F60 /* Build configuration list for PBXNativeTarget "BYLimitlessBannerUITests" */;
			buildPhases = (
				9D3CC33D1D61A7E100229F60 /* Sources */,
				9D3CC33E1D61A7E100229F60 /* Frameworks */,
				9D3CC33F1D61A7E100229F60 /* Resources */,
			);
			buildRules = (
			);
			dependencies = (
				9D3CC3431D61A7E100229F60 /* PBXTargetDependency */,
			);
			name = BYLimitlessBannerUITests;
			productName = BYLimitlessBannerUITests;
			productReference = 9D3CC3411D61A7E100229F60 /* BYLimitlessBannerUITests.xctest */;
			productType = "com.apple.product-type.bundle.ui-testing";
		};
/* End PBXNativeTarget section */

/* Begin PBXProject section */
		9D3CC3151D61A7E100229F60 /* Project object */ = {
			isa = PBXProject;
			attributes = {
				LastUpgradeCheck = 0730;
				ORGANIZATIONNAME = chachong;
				TargetAttributes = {
					9D3CC31C1D61A7E100229F60 = {
						CreatedOnToolsVersion = 7.3;
					};
					9D3CC3351D61A7E100229F60 = {
						CreatedOnToolsVersion = 7.3;
						TestTargetID = 9D3CC31C1D61A7E100229F60;
					};
					9D3CC3401D61A7E100229F60 = {
						CreatedOnToolsVersion = 7.3;
						TestTargetID = 9D3CC31C1D61A7E100229F60;
					};
				};
			};
			buildConfigurationList = 9D3CC3181D61A7E100229F60 /* Build configuration list for PBXProject "BYLimitlessBanner" */;
			compatibilityVersion = "Xcode 3.2";
			developmentRegion = English;
			hasScannedForEncodings = 0;
			knownRegions = (
				en,
				Base,
			);
			mainGroup = 9D3CC3141D61A7E100229F60;
			productRefGroup = 9D3CC31E1D61A7E100229F60 /* Products */;
			projectDirPath = "";
			projectRoot = "";
			targets = (
				9D3CC31C1D61A7E100229F60 /* BYLimitlessBanner */,
				9D3CC3351D61A7E100229F60 /* BYLimitlessBannerTests */,
				9D3CC3401D61A7E100229F60 /* BYLimitlessBannerUITests */,
			);
		};
/* End PBXProject section */

/* Begin PBXResourcesBuildPhase section */
		9D3CC31B1D61A7E100229F60 /* Resources */ = {
			isa = PBXResourcesBuildPhase;
			buildActionMask = 2147483647;
			files = (
				9D3CC3301D61A7E100229F60 /* LaunchScreen.storyboard in Resources */,
				9D3CC32D1D61A7E100229F60 /* Assets.xcassets in Resources */,
				9D3CC3621D61B1FB00229F60 /* default_img@2x.png in Resources */,
				9D3CC32B1D61A7E100229F60 /* Main.storyboard in Resources */,
			);
			runOnlyForDeploymentPostprocessing = 0;
		};
		9D3CC3341D61A7E100229F60 /* Resources */ = {
			isa = PBXResourcesBuildPhase;
			buildActionMask = 2147483647;
			files = (
			);
			runOnlyForDeploymentPostprocessing = 0;
		};
		9D3CC33F1D61A7E100229F60 /* Resources */ = {
			isa = PBXResourcesBuildPhase;
			buildActionMask = 2147483647;
			files = (
			);
			runOnlyForDeploymentPostprocessing = 0;
		};
/* End PBXResourcesBuildPhase section */

/* Begin PBXShellScriptBuildPhase section */
		150E54FCAD0E405A93BE5626 /* Embed Pods Frameworks */ = {
			isa = PBXShellScriptBuildPhase;
			buildActionMask = 2147483647;
			files = (
			);
			inputPaths = (
			);
			name = "Embed Pods Frameworks";
			outputPaths = (
			);
			runOnlyForDeploymentPostprocessing = 0;
			shellPath = /bin/sh;
			shellScript = "\"${SRCROOT}/Pods/Target Support Files/Pods/Pods-frameworks.sh\"\n";
			showEnvVarsInLog = 0;
		};
		21ABEF87E5B23B666996885A /* Copy Pods Resources */ = {
			isa = PBXShellScriptBuildPhase;
			buildActionMask = 2147483647;
			files = (
			);
			inputPaths = (
			);
			name = "Copy Pods Resources";
			outputPaths = (
			);
			runOnlyForDeploymentPostprocessing = 0;
			shellPath = /bin/sh;
			shellScript = "\"${SRCROOT}/Pods/Target Support Files/Pods/Pods-resources.sh\"\n";
			showEnvVarsInLog = 0;
		};
		DF4E05B1F83656666BD40D52 /* Check Pods Manifest.lock */ = {
			isa = PBXShellScriptBuildPhase;
			buildActionMask = 2147483647;
			files = (
			);
			inputPaths = (
			);
			name = "Check Pods Manifest.lock";
			outputPaths = (
			);
			runOnlyForDeploymentPostprocessing = 0;
			shellPath = /bin/sh;
			shellScript = "diff \"${PODS_ROOT}/../Podfile.lock\" \"${PODS_ROOT}/Manifest.lock\" > /dev/null\nif [[ $? != 0 ]] ; then\n    cat << EOM\nerror: The sandbox is not in sync with the Podfile.lock. Run 'pod install' or update your CocoaPods installation.\nEOM\n    exit 1\nfi\n";
			showEnvVarsInLog = 0;
		};
/* End PBXShellScriptBuildPhase section */

/* Begin PBXSourcesBuildPhase section */
		9D3CC3191D61A7E100229F60 /* Sources */ = {
			isa = PBXSourcesBuildPhase;
			buildActionMask = 2147483647;
			files = (
				9D3CC3281D61A7E100229F60 /* ViewController.m in Sources */,
				9D3CC3251D61A7E100229F60 /* AppDelegate.m in Sources */,
				9D3CC3601D61ACCD00229F60 /* BYBannerButton.m in Sources */,
				9D3CC3561D61A7EC00229F60 /* UIView+Extension.m in Sources */,
				9D3CC35D1D61A82600229F60 /* BYLimitlessBanner.m in Sources */,
				9D3CC3221D61A7E100229F60 /* main.m in Sources */,
			);
			runOnlyForDeploymentPostprocessing = 0;
		};
		9D3CC3321D61A7E100229F60 /* Sources */ = {
			isa = PBXSourcesBuildPhase;
			buildActionMask = 2147483647;
			files = (
				9D3CC33B1D61A7E100229F60 /* BYLimitlessBannerTests.m in Sources */,
			);
			runOnlyForDeploymentPostprocessing = 0;
		};
		9D3CC33D1D61A7E100229F60 /* Sources */ = {
			isa = PBXSourcesBuildPhase;
			buildActionMask = 2147483647;
			files = (
				9D3CC3461D61A7E100229F60 /* BYLimitlessBannerUITests.m in Sources */,
			);
			runOnlyForDeploymentPostprocessing = 0;
		};
/* End PBXSourcesBuildPhase section */

/* Begin PBXTargetDependency section */
		9D3CC3381D61A7E100229F60 /* PBXTargetDependency */ = {
			isa = PBXTargetDependency;
			target = 9D3CC31C1D61A7E100229F60 /* BYLimitlessBanner */;
			targetProxy = 9D3CC3371D61A7E100229F60 /* PBXContainerItemProxy */;
		};
		9D3CC3431D61A7E100229F60 /* PBXTargetDependency */ = {
			isa = PBXTargetDependency;
			target = 9D3CC31C1D61A7E100229F60 /* BYLimitlessBanner */;
			targetProxy = 9D3CC3421D61A7E100229F60 /* PBXContainerItemProxy */;
		};
/* End PBXTargetDependency section */

/* Begin PBXVariantGroup section */
		9D3CC3291D61A7E100229F60 /* Main.storyboard */ = {
			isa = PBXVariantGroup;
			children = (
				9D3CC32A1D61A7E100229F60 /* Base */,
			);
			name = Main.storyboard;
			sourceTree = "<group>";
		};
		9D3CC32E1D61A7E100229F60 /* LaunchScreen.storyboard */ = {
			isa = PBXVariantGroup;
			children = (
				9D3CC32F1D61A7E100229F60 /* Base */,
			);
			name = LaunchScreen.storyboard;
			sourceTree = "<group>";
		};
/* End PBXVariantGroup section */

/* Begin XCBuildConfiguration section */
		9D3CC3481D61A7E100229F60 /* Debug */ = {
			isa = XCBuildConfiguration;
			buildSettings = {
				ALWAYS_SEARCH_USER_PATHS = NO;
				CLANG_ANALYZER_NONNULL = YES;
				CLANG_CXX_LANGUAGE_STANDARD = "gnu++0x";
				CLANG_CXX_LIBRARY = "libc++";
				CLANG_ENABLE_MODULES = YES;
				CLANG_ENABLE_OBJC_ARC = YES;
				CLANG_WARN_BOOL_CONVERSION = YES;
				CLANG_WARN_CONSTANT_CONVERSION = YES;
				CLANG_WARN_DIRECT_OBJC_ISA_USAGE = YES_ERROR;
				CLANG_WARN_EMPTY_BODY = YES;
				CLANG_WARN_ENUM_CONVERSION = YES;
				CLANG_WARN_INT_CONVERSION = YES;
				CLANG_WARN_OBJC_ROOT_CLASS = YES_ERROR;
				CLANG_WARN_UNREACHABLE_CODE = YES;
				CLANG_WARN__DUPLICATE_METHOD_MATCH = YES;
				"CODE_SIGN_IDENTITY[sdk=iphoneos*]" = "iPhone Developer";
				COPY_PHASE_STRIP = NO;
				DEBUG_INFORMATION_FORMAT = dwarf;
				ENABLE_STRICT_OBJC_MSGSEND = YES;
				ENABLE_TESTABILITY = YES;
				GCC_C_LANGUAGE_STANDARD = gnu99;
				GCC_DYNAMIC_NO_PIC = NO;
				GCC_NO_COMMON_BLOCKS = YES;
				GCC_OPTIMIZATION_LEVEL = 0;
				GCC_PREPROCESSOR_DEFINITIONS = (
					"DEBUG=1",
					"$(inherited)",
				);
				GCC_WARN_64_TO_32_BIT_CONVERSION = YES;
				GCC_WARN_ABOUT_RETURN_TYPE = YES_ERROR;
				GCC_WARN_UNDECLARED_SELECTOR = YES;
				GCC_WARN_UNINITIALIZED_AUTOS = YES_AGGRESSIVE;
				GCC_WARN_UNUSED_FUNCTION = YES;
				GCC_WARN_UNUSED_VARIABLE = YES;
				IPHONEOS_DEPLOYMENT_TARGET = 9.3;
				MTL_ENABLE_DEBUG_INFO = YES;
				ONLY_ACTIVE_ARCH = YES;
				SDKROOT = iphoneos;
			};
			name = Debug;
		};
		9D3CC3491D61A7E100229F60 /* Release */ = {
			isa = XCBuildConfiguration;
			buildSettings = {
				ALWAYS_SEARCH_USER_PATHS = NO;
				CLANG_ANALYZER_NONNULL = YES;
				CLANG_CXX_LANGUAGE_STANDARD = "gnu++0x";
				CLANG_CXX_LIBRARY = "libc++";
				CLANG_ENABLE_MODULES = YES;
				CLANG_ENABLE_OBJC_ARC = YES;
				CLANG_WARN_BOOL_CONVERSION = YES;
				CLANG_WARN_CONSTANT_CONVERSION = YES;
				CLANG_WARN_DIRECT_OBJC_ISA_USAGE = YES_ERROR;
				CLANG_WARN_EMPTY_BODY = YES;
				CLANG_WARN_ENUM_CONVERSION = YES;
				CLANG_WARN_INT_CONVERSION = YES;
				CLANG_WARN_OBJC_ROOT_CLASS = YES_ERROR;
				CLANG_WARN_UNREACHABLE_CODE = YES;
				CLANG_WARN__DUPLICATE_METHOD_MATCH = YES;
				"CODE_SIGN_IDENTITY[sdk=iphoneos*]" = "iPhone Developer";
				COPY_PHASE_STRIP = NO;
				DEBUG_INFORMATION_FORMAT = "dwarf-with-dsym";
				ENABLE_NS_ASSERTIONS = NO;
				ENABLE_STRICT_OBJC_MSGSEND = YES;
				GCC_C_LANGUAGE_STANDARD = gnu99;
				GCC_NO_COMMON_BLOCKS = YES;
				GCC_WARN_64_TO_32_BIT_CONVERSION = YES;
				GCC_WARN_ABOUT_RETURN_TYPE = YES_ERROR;
				GCC_WARN_UNDECLARED_SELECTOR = YES;
				GCC_WARN_UNINITIALIZED_AUTOS = YES_AGGRESSIVE;
				GCC_WARN_UNUSED_FUNCTION = YES;
				GCC_WARN_UNUSED_VARIABLE = YES;
				IPHONEOS_DEPLOYMENT_TARGET = 9.3;
				MTL_ENABLE_DEBUG_INFO = NO;
				SDKROOT = iphoneos;
				VALIDATE_PRODUCT = YES;
			};
			name = Release;
		};
		9D3CC34B1D61A7E100229F60 /* Debug */ = {
			isa = XCBuildConfiguration;
			baseConfigurationReference = C41759C82DF0291E23A907CA /* Pods.debug.xcconfig */;
			buildSettings = {
				ASSETCATALOG_COMPILER_APPICON_NAME = AppIcon;
				INFOPLIST_FILE = BYLimitlessBanner/Info.plist;
				IPHONEOS_DEPLOYMENT_TARGET = 8.0;
				LD_RUNPATH_SEARCH_PATHS = "$(inherited) @executable_path/Frameworks";
				PRODUCT_BUNDLE_IDENTIFIER = chachong.BYLimitlessBanner;
				PRODUCT_NAME = "$(TARGET_NAME)";
			};
			name = Debug;
		};
		9D3CC34C1D61A7E100229F60 /* Release */ = {
			isa = XCBuildConfiguration;
			baseConfigurationReference = 90E185A6CABAA4665B685142 /* Pods.release.xcconfig */;
			buildSettings = {
				ASSETCATALOG_COMPILER_APPICON_NAME = AppIcon;
				INFOPLIST_FILE = BYLimitlessBanner/Info.plist;
				IPHONEOS_DEPLOYMENT_TARGET = 8.0;
				LD_RUNPATH_SEARCH_PATHS = "$(inherited) @executable_path/Frameworks";
				PRODUCT_BUNDLE_IDENTIFIER = chachong.BYLimitlessBanner;
				PRODUCT_NAME = "$(TARGET_NAME)";
			};
			name = Release;
		};
		9D3CC34E1D61A7E100229F60 /* Debug */ = {
			isa = XCBuildConfiguration;
			buildSettings = {
				BUNDLE_LOADER = "$(TEST_HOST)";
				INFOPLIST_FILE = BYLimitlessBannerTests/Info.plist;
				LD_RUNPATH_SEARCH_PATHS = "$(inherited) @executable_path/Frameworks @loader_path/Frameworks";
				PRODUCT_BUNDLE_IDENTIFIER = chachong.BYLimitlessBannerTests;
				PRODUCT_NAME = "$(TARGET_NAME)";
				TEST_HOST = "$(BUILT_PRODUCTS_DIR)/BYLimitlessBanner.app/BYLimitlessBanner";
			};
			name = Debug;
		};
		9D3CC34F1D61A7E100229F60 /* Release */ = {
			isa = XCBuildConfiguration;
			buildSettings = {
				BUNDLE_LOADER = "$(TEST_HOST)";
				INFOPLIST_FILE = BYLimitlessBannerTests/Info.plist;
				LD_RUNPATH_SEARCH_PATHS = "$(inherited) @executable_path/Frameworks @loader_path/Frameworks";
				PRODUCT_BUNDLE_IDENTIFIER = chachong.BYLimitlessBannerTests;
				PRODUCT_NAME = "$(TARGET_NAME)";
				TEST_HOST = "$(BUILT_PRODUCTS_DIR)/BYLimitlessBanner.app/BYLimitlessBanner";
			};
			name = Release;
		};
		9D3CC3511D61A7E100229F60 /* Debug */ = {
			isa = XCBuildConfiguration;
			buildSettings = {
				INFOPLIST_FILE = BYLimitlessBannerUITests/Info.plist;
				LD_RUNPATH_SEARCH_PATHS = "$(inherited) @executable_path/Frameworks @loader_path/Frameworks";
				PRODUCT_BUNDLE_IDENTIFIER = chachong.BYLimitlessBannerUITests;
				PRODUCT_NAME = "$(TARGET_NAME)";
				TEST_TARGET_NAME = BYLimitlessBanner;
			};
			name = Debug;
		};
		9D3CC3521D61A7E100229F60 /* Release */ = {
			isa = XCBuildConfiguration;
			buildSettings = {
				INFOPLIST_FILE = BYLimitlessBannerUITests/Info.plist;
				LD_RUNPATH_SEARCH_PATHS = "$(inherited) @executable_path/Frameworks @loader_path/Frameworks";
				PRODUCT_BUNDLE_IDENTIFIER = chachong.BYLimitlessBannerUITests;
				PRODUCT_NAME = "$(TARGET_NAME)";
				TEST_TARGET_NAME = BYLimitlessBanner;
			};
			name = Release;
		};
/* End XCBuildConfiguration section */

/* Begin XCConfigurationList section */
		9D3CC3181D61A7E100229F60 /* Build configuration list for PBXProject "BYLimitlessBanner" */ = {
			isa = XCConfigurationList;
			buildConfigurations = (
				9D3CC3481D61A7E100229F60 /* Debug */,
				9D3CC3491D61A7E100229F60 /* Release */,
			);
			defaultConfigurationIsVisible = 0;
			defaultConfigurationName = Release;
		};
		9D3CC34A1D61A7E100229F60 /* Build configuration list for PBXNativeTarget "BYLimitlessBanner" */ = {
			isa = XCConfigurationList;
			buildConfigurations = (
				9D3CC34B1D61A7E100229F60 /* Debug */,
				9D3CC34C1D61A7E100229F60 /* Release */,
			);
			defaultConfigurationIsVisible = 0;
			defaultConfigurationName = Release;
		};
		9D3CC34D1D61A7E100229F60 /* Build configuration list for PBXNativeTarget "BYLimitlessBannerTests" */ = {
			isa = XCConfigurationList;
			buildConfigurations = (
				9D3CC34E1D61A7E100229F60 /* Debug */,
				9D3CC34F1D61A7E100229F60 /* Release */,
			);
			defaultConfigurationIsVisible = 0;
			defaultConfigurationName = Release;
		};
		9D3CC3501D61A7E100229F60 /* Build configuration list for PBXNativeTarget "BYLimitlessBannerUITests" */ = {
			isa = XCConfigurationList;
			buildConfigurations = (
				9D3CC3511D61A7E100229F60 /* Debug */,
				9D3CC3521D61A7E100229F60 /* Release */,
			);
			defaultConfigurationIsVisible = 0;
			defaultConfigurationName = Release;
		};
/* End XCConfigurationList section */
	};
	rootObject = 9D3CC3151D61A7E100229F60 /* Project object */;
}
